
Microsoft Visual Studio Solution File, Format Version 12.00
# Visual Studio Version 17
VisualStudioVersion = 17.2.32516.85
MinimumVisualStudioVersion = 10.0.40219.1
Project("{9A19103F-16F7-4668-BE54-9A1E7A4F7556}") = "CsTest", "CsTest.csproj", "{5B5EA0CE-F13B-442B-B768-C9AEBE9D5116}"
EndProject
Project("{9A19103F-16F7-4668-BE54-9A1E7A4F7556}") = "EFCoreTest", "..\EFCoreTest\EFCoreTest.csproj", "{7AB21D68-16FF-47A6-A46C-BC960E9949FB}"
EndProject
Project("{9A19103F-16F7-4668-BE54-9A1E7A4F7556}") = "Sender", "..\RabbitMQTest\Sender.csproj", "{02A6B6FA-0FF5-4F1D-BD40-FEEE94BD4F11}"
EndProject
Project("{2150E333-8FDC-42A3-9474-1A3956D46DE8}") = "src", "src", "{F66E446D-6695-45AD-91E6-1608BEEFDB88}"
EndProject
Project("{9A19103F-16F7-4668-BE54-9A1E7A4F7556}") = "Consumer", "..\Consumer\Consumer.csproj", "{D303E7E5-1A59-4768-B98A-0698B236947B}"
EndProject
Project("{9A19103F-16F7-4668-BE54-9A1E7A4F7556}") = "LogServices", "..\LogServices\LogServices.csproj", "{120DD5E7-5352-4E7D-9FCF-991FB8F533F2}"
EndProject
Project("{9A19103F-16F7-4668-BE54-9A1E7A4F7556}") = "MailServices", "..\MailServices\MailServices.csproj", "{E650026E-028F-437A-8A1E-E53A7E1DE38F}"
EndProject
Project("{9A19103F-16F7-4668-BE54-9A1E7A4F7556}") = "ConfigServices", "..\ConfigServices\ConfigServices.csproj", "{726F0FDE-2ADD-4ECB-A8C2-CB20A299B54C}"
EndProject
Project("{9A19103F-16F7-4668-BE54-9A1E7A4F7556}") = "ConsoleAppMailSender", "..\ConsoleAppMailSender\ConsoleAppMailSender.csproj", "{5A41CA52-3882-4913-A7C5-E6048D7542E9}"
EndProject
Project("{2150E333-8FDC-42A3-9474-1A3956D46DE8}") = "DI", "DI", "{A80EED69-EDF3-4A3E-8A2D-530C66B8F835}"
EndProject
Project("{2150E333-8FDC-42A3-9474-1A3956D46DE8}") = "MQ", "MQ", "{DD0F282B-C5E8-4391-87EB-1FB3D2D0BF46}"
EndProject
Project("{9A19103F-16F7-4668-BE54-9A1E7A4F7556}") = "MultiThread", "..\MultiThread\MultiThread.csproj", "{EBF49080-68FC-4615-B59E-74F2E85FDBE7}"
EndProject
Project("{FAE04EC0-301F-11D3-BF4B-00C04F79EFBC}") = "ConcurrencyProgram", "..\ConcurrencyProgram\ConcurrencyProgram.csproj", "{51D7C78E-A900-48DD-8CC9-8B39EF101F62}"
EndProject
Global
	GlobalSection(SolutionConfigurationPlatforms) = preSolution
		Debug|Any CPU = Debug|Any CPU
		Release|Any CPU = Release|Any CPU
	EndGlobalSection
	GlobalSection(ProjectConfigurationPlatforms) = postSolution
		{5B5EA0CE-F13B-442B-B768-C9AEBE9D5116}.Debug|Any CPU.ActiveCfg = Debug|Any CPU
		{5B5EA0CE-F13B-442B-B768-C9AEBE9D5116}.Debug|Any CPU.Build.0 = Debug|Any CPU
		{5B5EA0CE-F13B-442B-B768-C9AEBE9D5116}.Release|Any CPU.ActiveCfg = Release|Any CPU
		{5B5EA0CE-F13B-442B-B768-C9AEBE9D5116}.Release|Any CPU.Build.0 = Release|Any CPU
		{7AB21D68-16FF-47A6-A46C-BC960E9949FB}.Debug|Any CPU.ActiveCfg = Debug|Any CPU
		{7AB21D68-16FF-47A6-A46C-BC960E9949FB}.Debug|Any CPU.Build.0 = Debug|Any CPU
		{7AB21D68-16FF-47A6-A46C-BC960E9949FB}.Release|Any CPU.ActiveCfg = Release|Any CPU
		{7AB21D68-16FF-47A6-A46C-BC960E9949FB}.Release|Any CPU.Build.0 = Release|Any CPU
		{02A6B6FA-0FF5-4F1D-BD40-FEEE94BD4F11}.Debug|Any CPU.ActiveCfg = Debug|Any CPU
		{02A6B6FA-0FF5-4F1D-BD40-FEEE94BD4F11}.Debug|Any CPU.Build.0 = Debug|Any CPU
		{02A6B6FA-0FF5-4F1D-BD40-FEEE94BD4F11}.Release|Any CPU.ActiveCfg = Release|Any CPU
		{02A6B6FA-0FF5-4F1D-BD40-FEEE94BD4F11}.Release|Any CPU.Build.0 = Release|Any CPU
		{D303E7E5-1A59-4768-B98A-0698B236947B}.Debug|Any CPU.ActiveCfg = Debug|Any CPU
		{D303E7E5-1A59-4768-B98A-0698B236947B}.Debug|Any CPU.Build.0 = Debug|Any CPU
		{D303E7E5-1A59-4768-B98A-0698B236947B}.Release|Any CPU.ActiveCfg = Release|Any CPU
		{D303E7E5-1A59-4768-B98A-0698B236947B}.Release|Any CPU.Build.0 = Release|Any CPU
		{120DD5E7-5352-4E7D-9FCF-991FB8F533F2}.Debug|Any CPU.ActiveCfg = Debug|Any CPU
		{120DD5E7-5352-4E7D-9FCF-991FB8F533F2}.Debug|Any CPU.Build.0 = Debug|Any CPU
		{120DD5E7-5352-4E7D-9FCF-991FB8F533F2}.Release|Any CPU.ActiveCfg = Release|Any CPU
		{120DD5E7-5352-4E7D-9FCF-991FB8F533F2}.Release|Any CPU.Build.0 = Release|Any CPU
		{E650026E-028F-437A-8A1E-E53A7E1DE38F}.Debug|Any CPU.ActiveCfg = Debug|Any CPU
		{E650026E-028F-437A-8A1E-E53A7E1DE38F}.Debug|Any CPU.Build.0 = Debug|Any CPU
		{E650026E-028F-437A-8A1E-E53A7E1DE38F}.Release|Any CPU.ActiveCfg = Release|Any CPU
		{E650026E-028F-437A-8A1E-E53A7E1DE38F}.Release|Any CPU.Build.0 = Release|Any CPU
		{726F0FDE-2ADD-4ECB-A8C2-CB20A299B54C}.Debug|Any CPU.ActiveCfg = Debug|Any CPU
		{726F0FDE-2ADD-4ECB-A8C2-CB20A299B54C}.Debug|Any CPU.Build.0 = Debug|Any CPU
		{726F0FDE-2ADD-4ECB-A8C2-CB20A299B54C}.Release|Any CPU.ActiveCfg = Release|Any CPU
		{726F0FDE-2ADD-4ECB-A8C2-CB20A299B54C}.Release|Any CPU.Build.0 = Release|Any CPU
		{5A41CA52-3882-4913-A7C5-E6048D7542E9}.Debug|Any CPU.ActiveCfg = Debug|Any CPU
		{5A41CA52-3882-4913-A7C5-E6048D7542E9}.Debug|Any CPU.Build.0 = Debug|Any CPU
		{5A41CA52-3882-4913-A7C5-E6048D7542E9}.Release|Any CPU.ActiveCfg = Release|Any CPU
		{5A41CA52-3882-4913-A7C5-E6048D7542E9}.Release|Any CPU.Build.0 = Release|Any CPU
		{EBF49080-68FC-4615-B59E-74F2E85FDBE7}.Debug|Any CPU.ActiveCfg = Debug|Any CPU
		{EBF49080-68FC-4615-B59E-74F2E85FDBE7}.Debug|Any CPU.Build.0 = Debug|Any CPU
		{EBF49080-68FC-4615-B59E-74F2E85FDBE7}.Release|Any CPU.ActiveCfg = Release|Any CPU
		{EBF49080-68FC-4615-B59E-74F2E85FDBE7}.Release|Any CPU.Build.0 = Release|Any CPU
		{51D7C78E-A900-48DD-8CC9-8B39EF101F62}.Debug|Any CPU.ActiveCfg = Debug|Any CPU
		{51D7C78E-A900-48DD-8CC9-8B39EF101F62}.Debug|Any CPU.Build.0 = Debug|Any CPU
		{51D7C78E-A900-48DD-8CC9-8B39EF101F62}.Release|Any CPU.ActiveCfg = Release|Any CPU
		{51D7C78E-A900-48DD-8CC9-8B39EF101F62}.Release|Any CPU.Build.0 = Release|Any CPU
	EndGlobalSection
	GlobalSection(SolutionProperties) = preSolution
		HideSolutionNode = FALSE
	EndGlobalSection
	GlobalSection(NestedProjects) = preSolution
		{5B5EA0CE-F13B-442B-B768-C9AEBE9D5116} = {F66E446D-6695-45AD-91E6-1608BEEFDB88}
		{7AB21D68-16FF-47A6-A46C-BC960E9949FB} = {F66E446D-6695-45AD-91E6-1608BEEFDB88}
		{02A6B6FA-0FF5-4F1D-BD40-FEEE94BD4F11} = {DD0F282B-C5E8-4391-87EB-1FB3D2D0BF46}
		{D303E7E5-1A59-4768-B98A-0698B236947B} = {DD0F282B-C5E8-4391-87EB-1FB3D2D0BF46}
		{120DD5E7-5352-4E7D-9FCF-991FB8F533F2} = {A80EED69-EDF3-4A3E-8A2D-530C66B8F835}
		{E650026E-028F-437A-8A1E-E53A7E1DE38F} = {A80EED69-EDF3-4A3E-8A2D-530C66B8F835}
		{726F0FDE-2ADD-4ECB-A8C2-CB20A299B54C} = {A80EED69-EDF3-4A3E-8A2D-530C66B8F835}
		{5A41CA52-3882-4913-A7C5-E6048D7542E9} = {A80EED69-EDF3-4A3E-8A2D-530C66B8F835}
		{A80EED69-EDF3-4A3E-8A2D-530C66B8F835} = {F66E446D-6695-45AD-91E6-1608BEEFDB88}
		{DD0F282B-C5E8-4391-87EB-1FB3D2D0BF46} = {F66E446D-6695-45AD-91E6-1608BEEFDB88}
		{EBF49080-68FC-4615-B59E-74F2E85FDBE7} = {F66E446D-6695-45AD-91E6-1608BEEFDB88}
		{51D7C78E-A900-48DD-8CC9-8B39EF101F62} = {F66E446D-6695-45AD-91E6-1608BEEFDB88}
	EndGlobalSection
	GlobalSection(ExtensibilityGlobals) = postSolution
		SolutionGuid = {F1160018-AD6C-4950-B091-6768D432AFDD}
	EndGlobalSection
EndGlobal
